// !$*UTF8*$!
{
	archiveVersion = 1;
	classes = {
	};
	objectVersion = 56;
	objects = {

/* Begin PBXBuildFile section */
		74E3FEDE2A66926600C7D9F8 /* BB_QuotesApp.swift in Sources */ = {isa = PBXBuildFile; fileRef = 74E3FEDD2A66926600C7D9F8 /* BB_QuotesApp.swift */; };
		74E3FEE02A66926600C7D9F8 /* ContentView.swift in Sources */ = {isa = PBXBuildFile; fileRef = 74E3FEDF2A66926600C7D9F8 /* ContentView.swift */; };
		74E3FEE22A66926900C7D9F8 /* Assets.xcassets in Resources */ = {isa = PBXBuildFile; fileRef = 74E3FEE12A66926900C7D9F8 /* Assets.xcassets */; };
		74E3FEE52A66926900C7D9F8 /* Preview Assets.xcassets in Resources */ = {isa = PBXBuildFile; fileRef = 74E3FEE42A66926900C7D9F8 /* Preview Assets.xcassets */; };
		74E3FEEC2A66940400C7D9F8 /* samplecharacter.json in Resources */ = {isa = PBXBuildFile; fileRef = 74E3FEEB2A66940400C7D9F8 /* samplecharacter.json */; };
		74E3FEEE2A669D5700C7D9F8 /* Quote.swift in Sources */ = {isa = PBXBuildFile; fileRef = 74E3FEED2A669D5700C7D9F8 /* Quote.swift */; };
		74E3FEF02A669DAB00C7D9F8 /* Character.swift in Sources */ = {isa = PBXBuildFile; fileRef = 74E3FEEF2A669DAB00C7D9F8 /* Character.swift */; };
		74E3FEF42A66A33500C7D9F8 /* FetchController.swift in Sources */ = {isa = PBXBuildFile; fileRef = 74E3FEF32A66A33500C7D9F8 /* FetchController.swift */; };
		74E3FEF62A66B29200C7D9F8 /* Constants.swift in Sources */ = {isa = PBXBuildFile; fileRef = 74E3FEF52A66B29200C7D9F8 /* Constants.swift */; };
/* End PBXBuildFile section */

/* Begin PBXFileReference section */
		74E3FEDA2A66926600C7D9F8 /* BB Quotes.app */ = {isa = PBXFileReference; explicitFileType = wrapper.application; includeInIndex = 0; path = "BB Quotes.app"; sourceTree = BUILT_PRODUCTS_DIR; };
		74E3FEDD2A66926600C7D9F8 /* BB_QuotesApp.swift */ = {isa = PBXFileReference; lastKnownFileType = sourcecode.swift; path = BB_QuotesApp.swift; sourceTree = "<group>"; };
		74E3FEDF2A66926600C7D9F8 /* ContentView.swift */ = {isa = PBXFileReference; lastKnownFileType = sourcecode.swift; path = ContentView.swift; sourceTree = "<group>"; };
		74E3FEE12A66926900C7D9F8 /* Assets.xcassets */ = {isa = PBXFileReference; lastKnownFileType = folder.assetcatalog; path = Assets.xcassets; sourceTree = "<group>"; };
		74E3FEE42A66926900C7D9F8 /* Preview Assets.xcassets */ = {isa = PBXFileReference; lastKnownFileType = folder.assetcatalog; path = "Preview Assets.xcassets"; sourceTree = "<group>"; };
		74E3FEEB2A66940400C7D9F8 /* samplecharacter.json */ = {isa = PBXFileReference; fileEncoding = 4; lastKnownFileType = text.json; path = samplecharacter.json; sourceTree = "<group>"; };
		74E3FEED2A669D5700C7D9F8 /* Quote.swift */ = {isa = PBXFileReference; lastKnownFileType = sourcecode.swift; path = Quote.swift; sourceTree = "<group>"; };
		74E3FEEF2A669DAB00C7D9F8 /* Character.swift */ = {isa = PBXFileReference; lastKnownFileType = sourcecode.swift; path = Character.swift; sourceTree = "<group>"; };
		74E3FEF32A66A33500C7D9F8 /* FetchController.swift */ = {isa = PBXFileReference; lastKnownFileType = sourcecode.swift; path = FetchController.swift; sourceTree = "<group>"; };
		74E3FEF52A66B29200C7D9F8 /* Constants.swift */ = {isa = PBXFileReference; lastKnownFileType = sourcecode.swift; path = Constants.swift; sourceTree = "<group>"; };
/* End PBXFileReference section */

/* Begin PBXFrameworksBuildPhase section */
		74E3FED72A66926600C7D9F8 /* Frameworks */ = {
			isa = PBXFrameworksBuildPhase;
			buildActionMask = 2147483647;
			files = (
			);
			runOnlyForDeploymentPostprocessing = 0;
		};
/* End PBXFrameworksBuildPhase section */

/* Begin PBXGroup section */
		74E3FED12A66926600C7D9F8 = {
			isa = PBXGroup;
			children = (
				74E3FEDC2A66926600C7D9F8 /* BB Quotes */,
				74E3FEDB2A66926600C7D9F8 /* Products */,
			);
			sourceTree = "<group>";
		};
		74E3FEDB2A66926600C7D9F8 /* Products */ = {
			isa = PBXGroup;
			children = (
				74E3FEDA2A66926600C7D9F8 /* BB Quotes.app */,
			);
			name = Products;
			sourceTree = "<group>";
		};
		74E3FEDC2A66926600C7D9F8 /* BB Quotes */ = {
			isa = PBXGroup;
			children = (
				74E3FEF12A669E2800C7D9F8 /* Model */,
				74E3FEF22A66A31300C7D9F8 /* Controller */,
				74E3FEDD2A66926600C7D9F8 /* BB_QuotesApp.swift */,
				74E3FEDF2A66926600C7D9F8 /* ContentView.swift */,
				74E3FEF52A66B29200C7D9F8 /* Constants.swift */,
				74E3FEE12A66926900C7D9F8 /* Assets.xcassets */,
				74E3FEEB2A66940400C7D9F8 /* samplecharacter.json */,
				74E3FEE32A66926900C7D9F8 /* Preview Content */,
			);
			path = "BB Quotes";
			sourceTree = "<group>";
		};
		74E3FEE32A66926900C7D9F8 /* Preview Content */ = {
			isa = PBXGroup;
			children = (
				74E3FEE42A66926900C7D9F8 /* Preview Assets.xcassets */,
			);
			path = "Preview Content";
			sourceTree = "<group>";
		};
		74E3FEF12A669E2800C7D9F8 /* Model */ = {
			isa = PBXGroup;
			children = (
				74E3FEED2A669D5700C7D9F8 /* Quote.swift */,
				74E3FEEF2A669DAB00C7D9F8 /* Character.swift */,
			);
			path = Model;
			sourceTree = "<group>";
		};
		74E3FEF22A66A31300C7D9F8 /* Controller */ = {
			isa = PBXGroup;
			children = (
				74E3FEF32A66A33500C7D9F8 /* FetchController.swift */,
			);
			path = Controller;
			sourceTree = "<group>";
		};
/* End PBXGroup section */

/* Begin PBXNativeTarget section */
		74E3FED92A66926600C7D9F8 /* BB Quotes */ = {
			isa = PBXNativeTarget;
			buildConfigurationList = 74E3FEE82A66926900C7D9F8 /* Build configuration list for PBXNativeTarget "BB Quotes" */;
			buildPhases = (
				74E3FED62A66926600C7D9F8 /* Sources */,
				74E3FED72A66926600C7D9F8 /* Frameworks */,
				74E3FED82A66926600C7D9F8 /* Resources */,
			);
			buildRules = (
			);
			dependencies = (
			);
			name = "BB Quotes";
			productName = "BB Quotes";
			productReference = 74E3FEDA2A66926600C7D9F8 /* BB Quotes.app */;
			productType = "com.apple.product-type.application";
		};
/* End PBXNativeTarget section */

/* Begin PBXProject section */
		74E3FED22A66926600C7D9F8 /* Project object */ = {
			isa = PBXProject;
			attributes = {
				BuildIndependentTargetsInParallel = 1;
				LastSwiftUpdateCheck = 1430;
				LastUpgradeCheck = 1430;
				TargetAttributes = {
					74E3FED92A66926600C7D9F8 = {
						CreatedOnToolsVersion = 14.3.1;
					};
				};
			};
			buildConfigurationList = 74E3FED52A66926600C7D9F8 /* Build configuration list for PBXProject "BB Quotes" */;
			compatibilityVersion = "Xcode 14.0";
			developmentRegion = en;
			hasScannedForEncodings = 0;
			knownRegions = (
				en,
				Base,
			);
			mainGroup = 74E3FED12A66926600C7D9F8;
			productRefGroup = 74E3FEDB2A66926600C7D9F8 /* Products */;
			projectDirPath = "";
			projectRoot = "";
			targets = (
				74E3FED92A66926600C7D9F8 /* BB Quotes */,
			);
		};
/* End PBXProject section */

/* Begin PBXResourcesBuildPhase section */
		74E3FED82A66926600C7D9F8 /* Resources */ = {
			isa = PBXResourcesBuildPhase;
			buildActionMask = 2147483647;
			files = (
				74E3FEE52A66926900C7D9F8 /* Preview Assets.xcassets in Resources */,
				74E3FEEC2A66940400C7D9F8 /* samplecharacter.json in Resources */,
				74E3FEE22A66926900C7D9F8 /* Assets.xcassets in Resources */,
			);
			runOnlyForDeploymentPostprocessing = 0;
		};
/* End PBXResourcesBuildPhase section */

/* Begin PBXSourcesBuildPhase section */
		74E3FED62A66926600C7D9F8 /* Sources */ = {
			isa = PBXSourcesBuildPhase;
			buildActionMask = 2147483647;
			files = (
				74E3FEE02A66926600C7D9F8 /* ContentView.swift in Sources */,
				74E3FEEE2A669D5700C7D9F8 /* Quote.swift in Sources */,
				74E3FEDE2A66926600C7D9F8 /* BB_QuotesApp.swift in Sources */,
				74E3FEF42A66A33500C7D9F8 /* FetchController.swift in Sources */,
				74E3FEF02A669DAB00C7D9F8 /* Character.swift in Sources */,
				74E3FEF62A66B29200C7D9F8 /* Constants.swift in Sources */,
			);
			runOnlyForDeploymentPostprocessing = 0;
		};
/* End PBXSourcesBuildPhase section */

/* Begin XCBuildConfiguration section */
		74E3FEE62A66926900C7D9F8 /* Debug */ = {
			isa = XCBuildConfiguration;
			buildSettings = {
				ALWAYS_SEARCH_USER_PATHS = NO;
				CLANG_ANALYZER_NONNULL = YES;
				CLANG_ANALYZER_NUMBER_OBJECT_CONVERSION = YES_AGGRESSIVE;
				CLANG_CXX_LANGUAGE_STANDARD = "gnu++20";
				CLANG_ENABLE_MODULES = YES;
				CLANG_ENABLE_OBJC_ARC = YES;
				CLANG_ENABLE_OBJC_WEAK = YES;
				CLANG_WARN_BLOCK_CAPTURE_AUTORELEASING = YES;
				CLANG_WARN_BOOL_CONVERSION = YES;
				CLANG_WARN_COMMA = YES;
				CLANG_WARN_CONSTANT_CONVERSION = YES;
				CLANG_WARN_DEPRECATED_OBJC_IMPLEMENTATIONS = YES;
				CLANG_WARN_DIRECT_OBJC_ISA_USAGE = YES_ERROR;
				CLANG_WARN_DOCUMENTATION_COMMENTS = YES;
				CLANG_WARN_EMPTY_BODY = YES;
				CLANG_WARN_ENUM_CONVERSION = YES;
				CLANG_WARN_INFINITE_RECURSION = YES;
				CLANG_WARN_INT_CONVERSION = YES;
				CLANG_WARN_NON_LITERAL_NULL_CONVERSION = YES;
				CLANG_WARN_OBJC_IMPLICIT_RETAIN_SELF = YES;
				CLANG_WARN_OBJC_LITERAL_CONVERSION = YES;
				CLANG_WARN_OBJC_ROOT_CLASS = YES_ERROR;
				CLANG_WARN_QUOTED_INCLUDE_IN_FRAMEWORK_HEADER = YES;
				CLANG_WARN_RANGE_LOOP_ANALYSIS = YES;
				CLANG_WARN_STRICT_PROTOTYPES = YES;
				CLANG_WARN_SUSPICIOUS_MOVE = YES;
				CLANG_WARN_UNGUARDED_AVAILABILITY = YES_AGGRESSIVE;
				CLANG_WARN_UNREACHABLE_CODE = YES;
				CLANG_WARN__DUPLICATE_METHOD_MATCH = YES;
				COPY_PHASE_STRIP = NO;
				DEBUG_INFORMATION_FORMAT = dwarf;
				ENABLE_STRICT_OBJC_MSGSEND = YES;
				ENABLE_TESTABILITY = YES;
				GCC_C_LANGUAGE_STANDARD = gnu11;
				GCC_DYNAMIC_NO_PIC = NO;
				GCC_NO_COMMON_BLOCKS = YES;
				GCC_OPTIMIZATION_LEVEL = 0;
				GCC_PREPROCESSOR_DEFINITIONS = (
					"DEBUG=1",
					"$(inherited)",
				);
				GCC_WARN_64_TO_32_BIT_CONVERSION = YES;
				GCC_WARN_ABOUT_RETURN_TYPE = YES_ERROR;
				GCC_WARN_UNDECLARED_SELECTOR = YES;
				GCC_WARN_UNINITIALIZED_AUTOS = YES_AGGRESSIVE;
				GCC_WARN_UNUSED_FUNCTION = YES;
				GCC_WARN_UNUSED_VARIABLE = YES;
				IPHONEOS_DEPLOYMENT_TARGET = 16.4;
				MTL_ENABLE_DEBUG_INFO = INCLUDE_SOURCE;
				MTL_FAST_MATH = YES;
				ONLY_ACTIVE_ARCH = YES;
				SDKROOT = iphoneos;
				SWIFT_ACTIVE_COMPILATION_CONDITIONS = DEBUG;
				SWIFT_OPTIMIZATION_LEVEL = "-Onone";
			};
			name = Debug;
		};
		74E3FEE72A66926900C7D9F8 /* Release */ = {
			isa = XCBuildConfiguration;
			buildSettings = {
				ALWAYS_SEARCH_USER_PATHS = NO;
				CLANG_ANALYZER_NONNULL = YES;
				CLANG_ANALYZER_NUMBER_OBJECT_CONVERSION = YES_AGGRESSIVE;
				CLANG_CXX_LANGUAGE_STANDARD = "gnu++20";
				CLANG_ENABLE_MODULES = YES;
				CLANG_ENABLE_OBJC_ARC = YES;
				CLANG_ENABLE_OBJC_WEAK = YES;
				CLANG_WARN_BLOCK_CAPTURE_AUTORELEASING = YES;
				CLANG_WARN_BOOL_CONVERSION = YES;
				CLANG_WARN_COMMA = YES;
				CLANG_WARN_CONSTANT_CONVERSION = YES;
				CLANG_WARN_DEPRECATED_OBJC_IMPLEMENTATIONS = YES;
				CLANG_WARN_DIRECT_OBJC_ISA_USAGE = YES_ERROR;
				CLANG_WARN_DOCUMENTATION_COMMENTS = YES;
				CLANG_WARN_EMPTY_BODY = YES;
				CLANG_WARN_ENUM_CONVERSION = YES;
				CLANG_WARN_INFINITE_RECURSION = YES;
				CLANG_WARN_INT_CONVERSION = YES;
				CLANG_WARN_NON_LITERAL_NULL_CONVERSION = YES;
				CLANG_WARN_OBJC_IMPLICIT_RETAIN_SELF = YES;
				CLANG_WARN_OBJC_LITERAL_CONVERSION = YES;
				CLANG_WARN_OBJC_ROOT_CLASS = YES_ERROR;
				CLANG_WARN_QUOTED_INCLUDE_IN_FRAMEWORK_HEADER = YES;
				CLANG_WARN_RANGE_LOOP_ANALYSIS = YES;
				CLANG_WARN_STRICT_PROTOTYPES = YES;
				CLANG_WARN_SUSPICIOUS_MOVE = YES;
				CLANG_WARN_UNGUARDED_AVAILABILITY = YES_AGGRESSIVE;
				CLANG_WARN_UNREACHABLE_CODE = YES;
				CLANG_WARN__DUPLICATE_METHOD_MATCH = YES;
				COPY_PHASE_STRIP = NO;
				DEBUG_INFORMATION_FORMAT = "dwarf-with-dsym";
				ENABLE_NS_ASSERTIONS = NO;
				ENABLE_STRICT_OBJC_MSGSEND = YES;
				GCC_C_LANGUAGE_STANDARD = gnu11;
				GCC_NO_COMMON_BLOCKS = YES;
				GCC_WARN_64_TO_32_BIT_CONVERSION = YES;
				GCC_WARN_ABOUT_RETURN_TYPE = YES_ERROR;
				GCC_WARN_UNDECLARED_SELECTOR = YES;
				GCC_WARN_UNINITIALIZED_AUTOS = YES_AGGRESSIVE;
				GCC_WARN_UNUSED_FUNCTION = YES;
				GCC_WARN_UNUSED_VARIABLE = YES;
				IPHONEOS_DEPLOYMENT_TARGET = 16.4;
				MTL_ENABLE_DEBUG_INFO = NO;
				MTL_FAST_MATH = YES;
				SDKROOT = iphoneos;
				SWIFT_COMPILATION_MODE = wholemodule;
				SWIFT_OPTIMIZATION_LEVEL = "-O";
				VALIDATE_PRODUCT = YES;
			};
			name = Release;
		};
		74E3FEE92A66926900C7D9F8 /* Debug */ = {
			isa = XCBuildConfiguration;
			buildSettings = {
				ASSETCATALOG_COMPILER_APPICON_NAME = AppIcon;
				ASSETCATALOG_COMPILER_GLOBAL_ACCENT_COLOR_NAME = AccentColor;
				CODE_SIGN_STYLE = Automatic;
				CURRENT_PROJECT_VERSION = 1;
				DEVELOPMENT_ASSET_PATHS = "\"BB Quotes/Preview Content\"";
				DEVELOPMENT_TEAM = 7HMM775WP5;
				ENABLE_PREVIEWS = YES;
				GENERATE_INFOPLIST_FILE = YES;
				INFOPLIST_KEY_UIApplicationSceneManifest_Generation = YES;
				INFOPLIST_KEY_UIApplicationSupportsIndirectInputEvents = YES;
				INFOPLIST_KEY_UILaunchScreen_Generation = YES;
				INFOPLIST_KEY_UISupportedInterfaceOrientations_iPad = "UIInterfaceOrientationPortrait UIInterfaceOrientationPortraitUpsideDown UIInterfaceOrientationLandscapeLeft UIInterfaceOrientationLandscapeRight";
				INFOPLIST_KEY_UISupportedInterfaceOrientations_iPhone = "UIInterfaceOrientationPortrait UIInterfaceOrientationLandscapeLeft UIInterfaceOrientationLandscapeRight";
				LD_RUNPATH_SEARCH_PATHS = (
					"$(inherited)",
					"@executable_path/Frameworks",
				);
				MARKETING_VERSION = 1.0;
				PRODUCT_BUNDLE_IDENTIFIER = "NS.BB-Quotes";
				PRODUCT_NAME = "$(TARGET_NAME)";
				SWIFT_EMIT_LOC_STRINGS = YES;
				SWIFT_VERSION = 5.0;
				TARGETED_DEVICE_FAMILY = "1,2";
			};
			name = Debug;
		};
		74E3FEEA2A66926900C7D9F8 /* Release */ = {
			isa = XCBuildConfiguration;
			buildSettings = {
				ASSETCATALOG_COMPILER_APPICON_NAME = AppIcon;
				ASSETCATALOG_COMPILER_GLOBAL_ACCENT_COLOR_NAME = AccentColor;
				CODE_SIGN_STYLE = Automatic;
				CURRENT_PROJECT_VERSION = 1;
				DEVELOPMENT_ASSET_PATHS = "\"BB Quotes/Preview Content\"";
				DEVELOPMENT_TEAM = 7HMM775WP5;
				ENABLE_PREVIEWS = YES;
				GENERATE_INFOPLIST_FILE = YES;
				INFOPLIST_KEY_UIApplicationSceneManifest_Generation = YES;
				INFOPLIST_KEY_UIApplicationSupportsIndirectInputEvents = YES;
				INFOPLIST_KEY_UILaunchScreen_Generation = YES;
				INFOPLIST_KEY_UISupportedInterfaceOrientations_iPad = "UIInterfaceOrientationPortrait UIInterfaceOrientationPortraitUpsideDown UIInterfaceOrientationLandscapeLeft UIInterfaceOrientationLandscapeRight";
				INFOPLIST_KEY_UISupportedInterfaceOrientations_iPhone = "UIInterfaceOrientationPortrait UIInterfaceOrientationLandscapeLeft UIInterfaceOrientationLandscapeRight";
				LD_RUNPATH_SEARCH_PATHS = (
					"$(inherited)",
					"@executable_path/Frameworks",
				);
				MARKETING_VERSION = 1.0;
				PRODUCT_BUNDLE_IDENTIFIER = "NS.BB-Quotes";
				PRODUCT_NAME = "$(TARGET_NAME)";
				SWIFT_EMIT_LOC_STRINGS = YES;
				SWIFT_VERSION = 5.0;
				TARGETED_DEVICE_FAMILY = "1,2";
			};
			name = Release;
		};
/* End XCBuildConfiguration section */

/* Begin XCConfigurationList section */
		74E3FED52A66926600C7D9F8 /* Build configuration list for PBXProject "BB Quotes" */ = {
			isa = XCConfigurationList;
			buildConfigurations = (
				74E3FEE62A66926900C7D9F8 /* Debug */,
				74E3FEE72A66926900C7D9F8 /* Release */,
			);
			defaultConfigurationIsVisible = 0;
			defaultConfigurationName = Release;
		};
		74E3FEE82A66926900C7D9F8 /* Build configuration list for PBXNativeTarget "BB Quotes" */ = {
			isa = XCConfigurationList;
			buildConfigurations = (
				74E3FEE92A66926900C7D9F8 /* Debug */,
				74E3FEEA2A66926900C7D9F8 /* Release */,
			);
			defaultConfigurationIsVisible = 0;
			defaultConfigurationName = Release;
		};
/* End XCConfigurationList section */
	};
	rootObject = 74E3FED22A66926600C7D9F8 /* Project object */;
}
